
Microsoft Visual Studio Solution File, Format Version 12.00
# Visual Studio Version 17
VisualStudioVersion = 17.9.34616.47
MinimumVisualStudioVersion = 10.0.40219.1
Project("{FAE04EC0-301F-11D3-BF4B-00C04F79EFBC}") = "ProyectoFinalBuscador", "ProyectoFinalBuscador\ProyectoFinalBuscador.csproj", "{2FD765D6-8147-4AA1-B7C1-19080B16CD16}"
EndProject
Global
	GlobalSection(SolutionConfigurationPlatforms) = preSolution
		Debug|Any CPU = Debug|Any CPU
		Release|Any CPU = Release|Any CPU
	EndGlobalSection
	GlobalSection(ProjectConfigurationPlatforms) = postSolution
		{2FD765D6-8147-4AA1-B7C1-19080B16CD16}.Debug|Any CPU.ActiveCfg = Debug|Any CPU
		{2FD765D6-8147-4AA1-B7C1-19080B16CD16}.Debug|Any CPU.Build.0 = Debug|Any CPU
		{2FD765D6-8147-4AA1-B7C1-19080B16CD16}.Release|Any CPU.ActiveCfg = Release|Any CPU
		{2FD765D6-8147-4AA1-B7C1-19080B16CD16}.Release|Any CPU.Build.0 = Release|Any CPU
	EndGlobalSection
	GlobalSection(SolutionProperties) = preSolution
		HideSolutionNode = FALSE
	EndGlobalSection
	GlobalSection(ExtensibilityGlobals) = postSolution
		SolutionGuid = {E34BF06F-2EAC-4E7D-B17C-9EF088630D00}
	EndGlobalSection
EndGlobal
